
Microsoft Visual Studio Solution File, Format Version 12.00
# Visual Studio Version 17
VisualStudioVersion = 17.3.32929.385
MinimumVisualStudioVersion = 10.0.40219.1
Project("{FAE04EC0-301F-11D3-BF4B-00C04F79EFBC}") = "TestFile", "TestFile\TestFile.csproj", "{D9EB07E2-3ADD-4B2E-863A-BE12F933F83E}"
EndProject
Global
	GlobalSection(SolutionConfigurationPlatforms) = preSolution
		Debug|Any CPU = Debug|Any CPU
		Release|Any CPU = Release|Any CPU
	EndGlobalSection
	GlobalSection(ProjectConfigurationPlatforms) = postSolution
		{D9EB07E2-3ADD-4B2E-863A-BE12F933F83E}.Debug|Any CPU.ActiveCfg = Debug|Any CPU
		{D9EB07E2-3ADD-4B2E-863A-BE12F933F83E}.Debug|Any CPU.Build.0 = Debug|Any CPU
		{D9EB07E2-3ADD-4B2E-863A-BE12F933F83E}.Release|Any CPU.ActiveCfg = Release|Any CPU
		{D9EB07E2-3ADD-4B2E-863A-BE12F933F83E}.Release|Any CPU.Build.0 = Release|Any CPU
	EndGlobalSection
	GlobalSection(SolutionProperties) = preSolution
		HideSolutionNode = FALSE
	EndGlobalSection
	GlobalSection(ExtensibilityGlobals) = postSolution
		SolutionGuid = {B88E2F20-FB60-482C-B7EB-D00814A6134E}
	EndGlobalSection
EndGlobal
