
Microsoft Visual Studio Solution File, Format Version 12.00
# Visual Studio Version 17
VisualStudioVersion = 17.3.32929.385
MinimumVisualStudioVersion = 10.0.40219.1
Project("{FAE04EC0-301F-11D3-BF4B-00C04F79EFBC}") = "ExempleClasse", "ExempleClasse\ExempleClasse.csproj", "{7602BA0E-5974-42A4-AA1C-296CB3259581}"
EndProject
Global
	GlobalSection(SolutionConfigurationPlatforms) = preSolution
		Debug|Any CPU = Debug|Any CPU
		Release|Any CPU = Release|Any CPU
	EndGlobalSection
	GlobalSection(ProjectConfigurationPlatforms) = postSolution
		{7602BA0E-5974-42A4-AA1C-296CB3259581}.Debug|Any CPU.ActiveCfg = Debug|Any CPU
		{7602BA0E-5974-42A4-AA1C-296CB3259581}.Debug|Any CPU.Build.0 = Debug|Any CPU
		{7602BA0E-5974-42A4-AA1C-296CB3259581}.Release|Any CPU.ActiveCfg = Release|Any CPU
		{7602BA0E-5974-42A4-AA1C-296CB3259581}.Release|Any CPU.Build.0 = Release|Any CPU
	EndGlobalSection
	GlobalSection(SolutionProperties) = preSolution
		HideSolutionNode = FALSE
	EndGlobalSection
	GlobalSection(ExtensibilityGlobals) = postSolution
		SolutionGuid = {B2B5471D-B36C-482D-A40A-77B9C0095A79}
	EndGlobalSection
EndGlobal
